
Microsoft Visual Studio Solution File, Format Version 12.00
# Visual Studio Version 16
VisualStudioVersion = 16.0.30011.22
MinimumVisualStudioVersion = 10.0.40219.1
Project("{FAE04EC0-301F-11D3-BF4B-00C04F79EFBC}") = "Bai4_UpDownFile", "Bai4_UpDownFile\Bai4_UpDownFile.csproj", "{25A70434-9DFA-499F-817F-B793D89A32A1}"
EndProject
Global
	GlobalSection(SolutionConfigurationPlatforms) = preSolution
		Debug|Any CPU = Debug|Any CPU
		Release|Any CPU = Release|Any CPU
	EndGlobalSection
	GlobalSection(ProjectConfigurationPlatforms) = postSolution
		{25A70434-9DFA-499F-817F-B793D89A32A1}.Debug|Any CPU.ActiveCfg = Debug|Any CPU
		{25A70434-9DFA-499F-817F-B793D89A32A1}.Debug|Any CPU.Build.0 = Debug|Any CPU
		{25A70434-9DFA-499F-817F-B793D89A32A1}.Release|Any CPU.ActiveCfg = Release|Any CPU
		{25A70434-9DFA-499F-817F-B793D89A32A1}.Release|Any CPU.Build.0 = Release|Any CPU
	EndGlobalSection
	GlobalSection(SolutionProperties) = preSolution
		HideSolutionNode = FALSE
	EndGlobalSection
	GlobalSection(ExtensibilityGlobals) = postSolution
		SolutionGuid = {B8E70CF8-EA1C-478D-A26B-CB91AAFF3274}
	EndGlobalSection
EndGlobal
