
Microsoft Visual Studio Solution File, Format Version 12.00
# Visual Studio Version 16
VisualStudioVersion = 16.0.30011.22
MinimumVisualStudioVersion = 10.0.40219.1
Project("{FAE04EC0-301F-11D3-BF4B-00C04F79EFBC}") = "Bai10_QLSanPham", "Bai10_QLSanPham\Bai10_QLSanPham.csproj", "{270D0500-C66D-4544-AF9E-5B14D058F492}"
EndProject
Global
	GlobalSection(SolutionConfigurationPlatforms) = preSolution
		Debug|Any CPU = Debug|Any CPU
		Release|Any CPU = Release|Any CPU
	EndGlobalSection
	GlobalSection(ProjectConfigurationPlatforms) = postSolution
		{270D0500-C66D-4544-AF9E-5B14D058F492}.Debug|Any CPU.ActiveCfg = Debug|Any CPU
		{270D0500-C66D-4544-AF9E-5B14D058F492}.Debug|Any CPU.Build.0 = Debug|Any CPU
		{270D0500-C66D-4544-AF9E-5B14D058F492}.Release|Any CPU.ActiveCfg = Release|Any CPU
		{270D0500-C66D-4544-AF9E-5B14D058F492}.Release|Any CPU.Build.0 = Release|Any CPU
	EndGlobalSection
	GlobalSection(SolutionProperties) = preSolution
		HideSolutionNode = FALSE
	EndGlobalSection
	GlobalSection(ExtensibilityGlobals) = postSolution
		SolutionGuid = {7E6D60B8-D3BD-4D68-A700-7FAC78B1D8DE}
	EndGlobalSection
EndGlobal
